github.com/golang/protobuf v1.3.2 h1:6nsPYzhq5kReh6QImI3k5qWzO4PEbvbIW2cwSfR/6xs=
github.com/golang/protobuf v1.3.2/go.mod h1:6lQm79b+lXiMfvg/cZm0SGofjICqVBUtrP5yJMmIC1U=
github.com/lihuicms-code-rep/zinx v0.0.0-20191223143511-1188f542a8cd h1:6Ea/yG+3KmxnDoQF/EWUwP/6T5rZgWmHLTe44m+x7RA=
github.com/lihuicms-code-rep/zinx v0.0.0-20191223143511-1188f542a8cd/go.mod h1:W7TF0Zu6A+6EiruTvsNCg5QCMj5VUR30n1gXPafc+Hk=
